
Microsoft Visual Studio Solution File, Format Version 12.00
# Visual Studio Version 17
VisualStudioVersion = 17.3.32929.385
MinimumVisualStudioVersion = 10.0.40219.1
Project("{FAE04EC0-301F-11D3-BF4B-00C04F79EFBC}") = "AggregationApp", "AggregationApp\AggregationApp.csproj", "{4FE6FFEA-5F4F-4049-A7CC-0A74C43ABFAF}"
EndProject
Global
	GlobalSection(SolutionConfigurationPlatforms) = preSolution
		Debug|Any CPU = Debug|Any CPU
		Release|Any CPU = Release|Any CPU
	EndGlobalSection
	GlobalSection(ProjectConfigurationPlatforms) = postSolution
		{4FE6FFEA-5F4F-4049-A7CC-0A74C43ABFAF}.Debug|Any CPU.ActiveCfg = Debug|Any CPU
		{4FE6FFEA-5F4F-4049-A7CC-0A74C43ABFAF}.Debug|Any CPU.Build.0 = Debug|Any CPU
		{4FE6FFEA-5F4F-4049-A7CC-0A74C43ABFAF}.Release|Any CPU.ActiveCfg = Release|Any CPU
		{4FE6FFEA-5F4F-4049-A7CC-0A74C43ABFAF}.Release|Any CPU.Build.0 = Release|Any CPU
	EndGlobalSection
	GlobalSection(SolutionProperties) = preSolution
		HideSolutionNode = FALSE
	EndGlobalSection
	GlobalSection(ExtensibilityGlobals) = postSolution
		SolutionGuid = {D067107C-D9C3-42FA-8CDE-F2A94C4E3FAE}
	EndGlobalSection
EndGlobal
